{
  "name": "agent-counter",
  "version": "1.0.0",
  "lockfileVersion": 3,
  "requires": true,
  "packages": {
    "": {
      "name": "agent-counter",
      "version": "1.0.0",
      "license": "MIT",
      "bin": {
        "agent-counter": "bin/agent-counter.js"
      },
      "engines": {
        "node": ">=18"
      }
    }
  }
}
